
Microsoft Visual Studio Solution File, Format Version 12.00
# Visual Studio 15
VisualStudioVersion = 15.0.27428.2011
MinimumVisualStudioVersion = 10.0.40219.1
Project("{FAE04EC0-301F-11D3-BF4B-00C04F79EFBC}") = "Homework2ProducerConsumer", "Homework2ProducerConsumer\Homework2ProducerConsumer.csproj", "{0BEDF281-4135-4207-9883-DE32657DEC57}"
EndProject
Global
	GlobalSection(SolutionConfigurationPlatforms) = preSolution
		Debug|Any CPU = Debug|Any CPU
		Release|Any CPU = Release|Any CPU
	EndGlobalSection
	GlobalSection(ProjectConfigurationPlatforms) = postSolution
		{0BEDF281-4135-4207-9883-DE32657DEC57}.Debug|Any CPU.ActiveCfg = Debug|Any CPU
		{0BEDF281-4135-4207-9883-DE32657DEC57}.Debug|Any CPU.Build.0 = Debug|Any CPU
		{0BEDF281-4135-4207-9883-DE32657DEC57}.Release|Any CPU.ActiveCfg = Release|Any CPU
		{0BEDF281-4135-4207-9883-DE32657DEC57}.Release|Any CPU.Build.0 = Release|Any CPU
	EndGlobalSection
	GlobalSection(SolutionProperties) = preSolution
		HideSolutionNode = FALSE
	EndGlobalSection
	GlobalSection(ExtensibilityGlobals) = postSolution
		SolutionGuid = {275FE7CF-88CF-4204-8066-09C9B0957E9A}
	EndGlobalSection
EndGlobal
